# THIS IS AN AUTOGENERATED FILE. DO NOT EDIT THIS FILE DIRECTLY.
# yarn lockfile v1


primer-alerts@1.5.5:
  version "1.5.5"
  resolved "https://registry.yarnpkg.com/primer-alerts/-/primer-alerts-1.5.5.tgz#0bd2bdd0aae92a0525a9af3d2e716a2eabb48a60"
  dependencies:
    primer-support "4.5.2"

primer-avatars@1.5.2:
  version "1.5.2"
  resolved "https://registry.yarnpkg.com/primer-avatars/-/primer-avatars-1.5.2.tgz#9c72821768555a5aacf5666d7b71475a80da1115"
  dependencies:
    primer-support "4.5.2"

primer-base@1.6.3:
  version "1.6.3"
  resolved "https://registry.yarnpkg.com/primer-base/-/primer-base-1.6.3.tgz#32ab5e8bd8cca0cf3f072aa27bb087bae05f7967"
  dependencies:
    primer-support "4.5.2"

primer-blankslate@1.4.5:
  version "1.4.5"
  resolved "https://registry.yarnpkg.com/primer-blankslate/-/primer-blankslate-1.4.5.tgz#6c658392c6d00303e14a135f177b54c212ff2227"
  dependencies:
    primer-support "4.5.2"

primer-box@2.5.5:
  version "2.5.5"
  resolved "https://registry.yarnpkg.com/primer-box/-/primer-box-2.5.5.tgz#8fbead6bdbf1d201ad81f1815172d723f499b4bb"
  dependencies:
    primer-support "4.5.2"

primer-branch-name@1.0.3:
  version "1.0.3"
  resolved "https://registry.yarnpkg.com/primer-branch-name/-/primer-branch-name-1.0.3.tgz#5d8fa79f953008073fafd46e14c2ed5e2a56a52c"
  dependencies:
    primer-support "4.5.2"

primer-breadcrumb@1.5.1:
  version "1.5.1"
  resolved "https://registry.yarnpkg.com/primer-breadcrumb/-/primer-breadcrumb-1.5.1.tgz#98740352445eb5beabb48a51a81f08389b1defd0"
  dependencies:
    primer-support "4.5.2"

primer-buttons@2.5.3:
  version "2.5.3"
  resolved "https://registry.yarnpkg.com/primer-buttons/-/primer-buttons-2.5.3.tgz#b5a40d0b325c6f6b9e04c5515152a309fd963095"
  dependencies:
    primer-support "4.5.2"

primer-core@6.7.0:
  version "6.7.0"
  resolved "https://registry.yarnpkg.com/primer-core/-/primer-core-6.7.0.tgz#ab0e51e70356a51421f3c0afb5e6f538383dc9c2"
  dependencies:
    primer-base "1.6.3"
    primer-box "2.5.5"
    primer-breadcrumb "1.5.1"
    primer-buttons "2.5.3"
    primer-forms "2.1.0"
    primer-layout "1.4.5"
    primer-navigation "1.5.3"
    primer-support "4.5.2"
    primer-table-object "1.4.5"
    primer-tooltips "1.5.2"
    primer-truncate "1.4.5"
    primer-utilities "4.8.5"

primer-forms@2.1.0:
  version "2.1.0"
  resolved "https://registry.yarnpkg.com/primer-forms/-/primer-forms-2.1.0.tgz#d27b4bba8bd214a097fe8a5615ed6837146feb2d"
  dependencies:
    primer-support "4.5.2"

primer-labels@1.5.5:
  version "1.5.5"
  resolved "https://registry.yarnpkg.com/primer-labels/-/primer-labels-1.5.5.tgz#cb561ca8f5d75c7b5f0489a7b43715779a3cb470"
  dependencies:
    primer-support "4.5.2"

primer-layout@1.4.5:
  version "1.4.5"
  resolved "https://registry.yarnpkg.com/primer-layout/-/primer-layout-1.4.5.tgz#6fcdca670ef0bf5c428abe8be8649d83c51e796f"
  dependencies:
    primer-support "4.5.2"

primer-markdown@3.7.5:
  version "3.7.5"
  resolved "https://registry.yarnpkg.com/primer-markdown/-/primer-markdown-3.7.5.tgz#bb8e51646846a26b68aab4d9e7858c2e36d298f8"
  dependencies:
    primer-support "4.5.2"

primer-marketing-buttons@1.0.4:
  version "1.0.4"
  resolved "https://registry.yarnpkg.com/primer-marketing-buttons/-/primer-marketing-buttons-1.0.4.tgz#bf0248034427f60366e209974768d5f670947011"
  dependencies:
    primer-support "4.5.2"

primer-marketing-support@1.5.0:
  version "1.5.0"
  resolved "https://registry.yarnpkg.com/primer-marketing-support/-/primer-marketing-support-1.5.0.tgz#6a1e20bf28452a114a3708d414d243246b0d0090"

primer-marketing-type@1.4.5:
  version "1.4.5"
  resolved "https://registry.yarnpkg.com/primer-marketing-type/-/primer-marketing-type-1.4.5.tgz#5f63ee71f8a7bd9beaabfb2e016ad64b6954d6a3"
  dependencies:
    primer-marketing-support "1.5.0"
    primer-support "4.5.2"

primer-marketing-utilities@1.6.1:
  version "1.6.1"
  resolved "https://registry.yarnpkg.com/primer-marketing-utilities/-/primer-marketing-utilities-1.6.1.tgz#53b6fff90838b17c05945c742105124cd68ae299"
  dependencies:
    primer-marketing-support "1.5.0"
    primer-support "4.5.2"

primer-marketing@6.2.0:
  version "6.2.0"
  resolved "https://registry.yarnpkg.com/primer-marketing/-/primer-marketing-6.2.0.tgz#23ca5c4e03d8336ec5c24f36ac8feb7d600a7cda"
  dependencies:
    primer-marketing-buttons "1.0.4"
    primer-marketing-support "1.5.0"
    primer-marketing-type "1.4.5"
    primer-marketing-utilities "1.6.1"
    primer-page-headers "1.4.5"
    primer-page-sections "1.4.5"
    primer-support "4.5.2"
    primer-tables "1.4.5"

primer-navigation@1.5.3:
  version "1.5.3"
  resolved "https://registry.yarnpkg.com/primer-navigation/-/primer-navigation-1.5.3.tgz#4d32734faed52b34013fd710353400c7914e0c56"
  dependencies:
    primer-support "4.5.2"

primer-page-headers@1.4.5:
  version "1.4.5"
  resolved "https://registry.yarnpkg.com/primer-page-headers/-/primer-page-headers-1.4.5.tgz#74ab7ade7da08c7ee8ae57092b70f82b747cb870"
  dependencies:
    primer-marketing-support "1.5.0"
    primer-support "4.5.2"

primer-page-sections@1.4.5:
  version "1.4.5"
  resolved "https://registry.yarnpkg.com/primer-page-sections/-/primer-page-sections-1.4.5.tgz#752f797e70ecd61d1a5b6f4bea6078a22a5b40d6"
  dependencies:
    primer-marketing-support "1.5.0"
    primer-support "4.5.2"

primer-popover@0.0.6:
  version "0.0.6"
  resolved "https://registry.yarnpkg.com/primer-popover/-/primer-popover-0.0.6.tgz#36d57e4d68b613404cdd6fb93362d27785025aa2"
  dependencies:
    primer-support "4.5.2"

primer-product@5.6.2:
  version "5.6.2"
  resolved "https://registry.yarnpkg.com/primer-product/-/primer-product-5.6.2.tgz#84d7c5c11ad5aee5d8bb97c63c8545ceba05b424"
  dependencies:
    primer-alerts "1.5.5"
    primer-avatars "1.5.2"
    primer-blankslate "1.4.5"
    primer-branch-name "1.0.3"
    primer-labels "1.5.5"
    primer-markdown "3.7.5"
    primer-popover "0.0.6"
    primer-subhead "1.0.3"
    primer-support "4.5.2"

primer-subhead@1.0.3:
  version "1.0.3"
  resolved "https://registry.yarnpkg.com/primer-subhead/-/primer-subhead-1.0.3.tgz#1b15cf7239e73769e64e873b9cdfd58b5e8e4291"
  dependencies:
    primer-support "4.5.2"

primer-support@4.5.2:
  version "4.5.2"
  resolved "https://registry.yarnpkg.com/primer-support/-/primer-support-4.5.2.tgz#daab9a48881b6953e8e6ca01865a2f415bf777c5"

primer-table-object@1.4.5:
  version "1.4.5"
  resolved "https://registry.yarnpkg.com/primer-table-object/-/primer-table-object-1.4.5.tgz#a45d59f33a9841008d2f079140ee8aaad674839b"
  dependencies:
    primer-support "4.5.2"

primer-tables@1.4.5:
  version "1.4.5"
  resolved "https://registry.yarnpkg.com/primer-tables/-/primer-tables-1.4.5.tgz#b79c284599a9100a147400eb265532beea63b7ca"
  dependencies:
    primer-marketing-support "1.5.0"
    primer-support "4.5.2"

primer-tooltips@1.5.2:
  version "1.5.2"
  resolved "https://registry.yarnpkg.com/primer-tooltips/-/primer-tooltips-1.5.2.tgz#3799ce757c1e29953c924aefb849265f617554e7"
  dependencies:
    primer-support "4.5.2"

primer-truncate@1.4.5:
  version "1.4.5"
  resolved "https://registry.yarnpkg.com/primer-truncate/-/primer-truncate-1.4.5.tgz#427fa47b8d9ceabab96aa9ddbf059e44d0ee742e"
  dependencies:
    primer-support "4.5.2"

primer-utilities@4.8.5:
  version "4.8.5"
  resolved "https://registry.yarnpkg.com/primer-utilities/-/primer-utilities-4.8.5.tgz#9f3b1be8eefacec1e0eaa275ea4c8e29dc683ceb"
  dependencies:
    primer-support "4.5.2"

primer@^10.3.0:
  version "10.3.0"
  resolved "https://registry.yarnpkg.com/primer/-/primer-10.3.0.tgz#9d5b117743edfa79b786baef379d37287fe134c5"
  dependencies:
    primer-alerts "1.5.5"
    primer-avatars "1.5.2"
    primer-base "1.6.3"
    primer-blankslate "1.4.5"
    primer-box "2.5.5"
    primer-branch-name "1.0.3"
    primer-breadcrumb "1.5.1"
    primer-buttons "2.5.3"
    primer-core "6.7.0"
    primer-forms "2.1.0"
    primer-labels "1.5.5"
    primer-layout "1.4.5"
    primer-markdown "3.7.5"
    primer-marketing "6.2.0"
    primer-marketing-buttons "1.0.4"
    primer-marketing-support "1.5.0"
    primer-marketing-type "1.4.5"
    primer-marketing-utilities "1.6.1"
    primer-navigation "1.5.3"
    primer-page-headers "1.4.5"
    primer-page-sections "1.4.5"
    primer-popover "0.0.6"
    primer-product "5.6.2"
    primer-subhead "1.0.3"
    primer-support "4.5.2"
    primer-table-object "1.4.5"
    primer-tables "1.4.5"
    primer-tooltips "1.5.2"
    primer-truncate "1.4.5"
    primer-utilities "4.8.5"
